
Microsoft Visual Studio Solution File, Format Version 12.00
# Visual Studio Version 16
VisualStudioVersion = 16.0.32106.194
MinimumVisualStudioVersion = 10.0.40219.1
Project("{FAE04EC0-301F-11D3-BF4B-00C04F79EFBC}") = "MyEvernote", "MyEvernote\MyEvernote.csproj", "{7300B52F-5CE3-45BF-AA64-2DC32136A39A}"
EndProject
Project("{FAE04EC0-301F-11D3-BF4B-00C04F79EFBC}") = "MyEvernote.BusinessLayer", "MyEvernote.BusinessLayer\MyEvernote.BusinessLayer.csproj", "{4F0730AE-FF72-4D8F-8E31-AB073381FFE6}"
EndProject
Project("{FAE04EC0-301F-11D3-BF4B-00C04F79EFBC}") = "MyEvernote.DataAccessLayer", "MyEvernote.DataAccessLayer\MyEvernote.DataAccessLayer.csproj", "{E1742678-B2FD-4B47-BE4D-F14D05C2CA0C}"
EndProject
Project("{FAE04EC0-301F-11D3-BF4B-00C04F79EFBC}") = "MyEvernote.Entities", "MyEvernote.Entities\MyEvernote.Entities.csproj", "{444BA314-5C4F-44B6-9A3F-41D1170BF23E}"
EndProject
Project("{FAE04EC0-301F-11D3-BF4B-00C04F79EFBC}") = "MyEvernote.Common", "MyEvernote.Common\MyEvernote.Common.csproj", "{03FF4C0F-089B-41A4-9599-BD060738F294}"
EndProject
Global
	GlobalSection(SolutionConfigurationPlatforms) = preSolution
		Debug|Any CPU = Debug|Any CPU
		Release|Any CPU = Release|Any CPU
	EndGlobalSection
	GlobalSection(ProjectConfigurationPlatforms) = postSolution
		{7300B52F-5CE3-45BF-AA64-2DC32136A39A}.Debug|Any CPU.ActiveCfg = Debug|Any CPU
		{7300B52F-5CE3-45BF-AA64-2DC32136A39A}.Debug|Any CPU.Build.0 = Debug|Any CPU
		{7300B52F-5CE3-45BF-AA64-2DC32136A39A}.Release|Any CPU.ActiveCfg = Release|Any CPU
		{7300B52F-5CE3-45BF-AA64-2DC32136A39A}.Release|Any CPU.Build.0 = Release|Any CPU
		{4F0730AE-FF72-4D8F-8E31-AB073381FFE6}.Debug|Any CPU.ActiveCfg = Debug|Any CPU
		{4F0730AE-FF72-4D8F-8E31-AB073381FFE6}.Debug|Any CPU.Build.0 = Debug|Any CPU
		{4F0730AE-FF72-4D8F-8E31-AB073381FFE6}.Release|Any CPU.ActiveCfg = Release|Any CPU
		{4F0730AE-FF72-4D8F-8E31-AB073381FFE6}.Release|Any CPU.Build.0 = Release|Any CPU
		{E1742678-B2FD-4B47-BE4D-F14D05C2CA0C}.Debug|Any CPU.ActiveCfg = Debug|Any CPU
		{E1742678-B2FD-4B47-BE4D-F14D05C2CA0C}.Debug|Any CPU.Build.0 = Debug|Any CPU
		{E1742678-B2FD-4B47-BE4D-F14D05C2CA0C}.Release|Any CPU.ActiveCfg = Release|Any CPU
		{E1742678-B2FD-4B47-BE4D-F14D05C2CA0C}.Release|Any CPU.Build.0 = Release|Any CPU
		{444BA314-5C4F-44B6-9A3F-41D1170BF23E}.Debug|Any CPU.ActiveCfg = Debug|Any CPU
		{444BA314-5C4F-44B6-9A3F-41D1170BF23E}.Debug|Any CPU.Build.0 = Debug|Any CPU
		{444BA314-5C4F-44B6-9A3F-41D1170BF23E}.Release|Any CPU.ActiveCfg = Release|Any CPU
		{444BA314-5C4F-44B6-9A3F-41D1170BF23E}.Release|Any CPU.Build.0 = Release|Any CPU
		{03FF4C0F-089B-41A4-9599-BD060738F294}.Debug|Any CPU.ActiveCfg = Debug|Any CPU
		{03FF4C0F-089B-41A4-9599-BD060738F294}.Debug|Any CPU.Build.0 = Debug|Any CPU
		{03FF4C0F-089B-41A4-9599-BD060738F294}.Release|Any CPU.ActiveCfg = Release|Any CPU
		{03FF4C0F-089B-41A4-9599-BD060738F294}.Release|Any CPU.Build.0 = Release|Any CPU
	EndGlobalSection
	GlobalSection(SolutionProperties) = preSolution
		HideSolutionNode = FALSE
	EndGlobalSection
	GlobalSection(ExtensibilityGlobals) = postSolution
		SolutionGuid = {140FF8FC-D5FC-49A6-B927-A4D1AEABAAD8}
	EndGlobalSection
EndGlobal
